
Microsoft Visual Studio Solution File, Format Version 12.00
# Visual Studio Version 16
VisualStudioVersion = 16.0.31624.102
MinimumVisualStudioVersion = 10.0.40219.1
Project("{8BC9CEB8-8B4A-11D0-8D11-00A0C91BC942}") = "OrderTraversal", "OrderTraversal\OrderTraversal.vcxproj", "{7D1B81F7-0BB9-46C1-B454-2220353CBF54}"
EndProject
Global
	GlobalSection(SolutionConfigurationPlatforms) = preSolution
		Debug|x64 = Debug|x64
		Debug|x86 = Debug|x86
		Release|x64 = Release|x64
		Release|x86 = Release|x86
	EndGlobalSection
	GlobalSection(ProjectConfigurationPlatforms) = postSolution
		{7D1B81F7-0BB9-46C1-B454-2220353CBF54}.Debug|x64.ActiveCfg = Debug|x64
		{7D1B81F7-0BB9-46C1-B454-2220353CBF54}.Debug|x64.Build.0 = Debug|x64
		{7D1B81F7-0BB9-46C1-B454-2220353CBF54}.Debug|x86.ActiveCfg = Debug|Win32
		{7D1B81F7-0BB9-46C1-B454-2220353CBF54}.Debug|x86.Build.0 = Debug|Win32
		{7D1B81F7-0BB9-46C1-B454-2220353CBF54}.Release|x64.ActiveCfg = Release|x64
		{7D1B81F7-0BB9-46C1-B454-2220353CBF54}.Release|x64.Build.0 = Release|x64
		{7D1B81F7-0BB9-46C1-B454-2220353CBF54}.Release|x86.ActiveCfg = Release|Win32
		{7D1B81F7-0BB9-46C1-B454-2220353CBF54}.Release|x86.Build.0 = Release|Win32
	EndGlobalSection
	GlobalSection(SolutionProperties) = preSolution
		HideSolutionNode = FALSE
	EndGlobalSection
	GlobalSection(ExtensibilityGlobals) = postSolution
		SolutionGuid = {DF0FE988-B2CF-421E-86FB-B6CDBB81FB78}
	EndGlobalSection
EndGlobal
